// !$*UTF8*$!
{
	archiveVersion = 1;
	classes = {
	};
	objectVersion = 56;
	objects = {

/* Begin PBXBuildFile section */
		D322C4E828D61F5600144E6D /* Level.swift in Sources */ = {isa = PBXBuildFile; fileRef = D322C4E728D61F5600144E6D /* Level.swift */; };
		D322C4ED28D6219900144E6D /* Monkey.swift in Sources */ = {isa = PBXBuildFile; fileRef = D322C4EC28D6219900144E6D /* Monkey.swift */; };
		D322C4F128D6222C00144E6D /* Levels.swift in Sources */ = {isa = PBXBuildFile; fileRef = D322C4F028D6222C00144E6D /* Levels.swift */; };
		D3370B8928D5C033004E8764 /* Monkeys.swift in Sources */ = {isa = PBXBuildFile; fileRef = D3370B8828D5C033004E8764 /* Monkeys.swift */; };
		D3370B8B28D5D640004E8764 /* GameEngine.swift in Sources */ = {isa = PBXBuildFile; fileRef = D3370B8A28D5D640004E8764 /* GameEngine.swift */; };
		D36F0D2928D326B100C21426 /* AppDelegate.swift in Sources */ = {isa = PBXBuildFile; fileRef = D36F0D2828D326B100C21426 /* AppDelegate.swift */; };
		D36F0D2D28D326B100C21426 /* Actions.sks in Resources */ = {isa = PBXBuildFile; fileRef = D36F0D2C28D326B100C21426 /* Actions.sks */; };
		D36F0D2F28D326B100C21426 /* GameScene.swift in Sources */ = {isa = PBXBuildFile; fileRef = D36F0D2E28D326B100C21426 /* GameScene.swift */; };
		D36F0D3128D326B100C21426 /* GameViewController.swift in Sources */ = {isa = PBXBuildFile; fileRef = D36F0D3028D326B100C21426 /* GameViewController.swift */; };
		D36F0D3428D326B100C21426 /* Main.storyboard in Resources */ = {isa = PBXBuildFile; fileRef = D36F0D3228D326B100C21426 /* Main.storyboard */; };
		D36F0D3628D326B300C21426 /* Assets.xcassets in Resources */ = {isa = PBXBuildFile; fileRef = D36F0D3528D326B300C21426 /* Assets.xcassets */; };
		D36F0D3928D326B300C21426 /* LaunchScreen.storyboard in Resources */ = {isa = PBXBuildFile; fileRef = D36F0D3728D326B300C21426 /* LaunchScreen.storyboard */; };
		D36F0D4128D3483B00C21426 /* MonkeySpriteNode.swift in Sources */ = {isa = PBXBuildFile; fileRef = D36F0D4028D3483B00C21426 /* MonkeySpriteNode.swift */; };
		D3834FAD28DA1C5700248FB7 /* ProgressBarNode.swift in Sources */ = {isa = PBXBuildFile; fileRef = D3834FAC28DA1C5700248FB7 /* ProgressBarNode.swift */; };
/* End PBXBuildFile section */

/* Begin PBXFileReference section */
		D322C4E728D61F5600144E6D /* Level.swift */ = {isa = PBXFileReference; lastKnownFileType = sourcecode.swift; path = Level.swift; sourceTree = "<group>"; };
		D322C4EC28D6219900144E6D /* Monkey.swift */ = {isa = PBXFileReference; lastKnownFileType = sourcecode.swift; path = Monkey.swift; sourceTree = "<group>"; };
		D322C4F028D6222C00144E6D /* Levels.swift */ = {isa = PBXFileReference; lastKnownFileType = sourcecode.swift; path = Levels.swift; sourceTree = "<group>"; };
		D3370B8828D5C033004E8764 /* Monkeys.swift */ = {isa = PBXFileReference; lastKnownFileType = sourcecode.swift; path = Monkeys.swift; sourceTree = "<group>"; };
		D3370B8A28D5D640004E8764 /* GameEngine.swift */ = {isa = PBXFileReference; lastKnownFileType = sourcecode.swift; path = GameEngine.swift; sourceTree = "<group>"; };
		D36F0D2528D326B100C21426 /* MonkeysWar.app */ = {isa = PBXFileReference; explicitFileType = wrapper.application; includeInIndex = 0; path = MonkeysWar.app; sourceTree = BUILT_PRODUCTS_DIR; };
		D36F0D2828D326B100C21426 /* AppDelegate.swift */ = {isa = PBXFileReference; lastKnownFileType = sourcecode.swift; path = AppDelegate.swift; sourceTree = "<group>"; };
		D36F0D2C28D326B100C21426 /* Actions.sks */ = {isa = PBXFileReference; lastKnownFileType = file.sks; path = Actions.sks; sourceTree = "<group>"; };
		D36F0D2E28D326B100C21426 /* GameScene.swift */ = {isa = PBXFileReference; lastKnownFileType = sourcecode.swift; path = GameScene.swift; sourceTree = "<group>"; };
		D36F0D3028D326B100C21426 /* GameViewController.swift */ = {isa = PBXFileReference; lastKnownFileType = sourcecode.swift; path = GameViewController.swift; sourceTree = "<group>"; };
		D36F0D3328D326B100C21426 /* Base */ = {isa = PBXFileReference; lastKnownFileType = file.storyboard; name = Base; path = Base.lproj/Main.storyboard; sourceTree = "<group>"; };
		D36F0D3528D326B300C21426 /* Assets.xcassets */ = {isa = PBXFileReference; lastKnownFileType = folder.assetcatalog; path = Assets.xcassets; sourceTree = "<group>"; };
		D36F0D3828D326B300C21426 /* Base */ = {isa = PBXFileReference; lastKnownFileType = file.storyboard; name = Base; path = Base.lproj/LaunchScreen.storyboard; sourceTree = "<group>"; };
		D36F0D4028D3483B00C21426 /* MonkeySpriteNode.swift */ = {isa = PBXFileReference; lastKnownFileType = sourcecode.swift; path = MonkeySpriteNode.swift; sourceTree = "<group>"; };
		D3834FAC28DA1C5700248FB7 /* ProgressBarNode.swift */ = {isa = PBXFileReference; lastKnownFileType = sourcecode.swift; path = ProgressBarNode.swift; sourceTree = "<group>"; };
/* End PBXFileReference section */

/* Begin PBXFrameworksBuildPhase section */
		D36F0D2228D326B100C21426 /* Frameworks */ = {
			isa = PBXFrameworksBuildPhase;
			buildActionMask = 2147483647;
			files = (
			);
			runOnlyForDeploymentPostprocessing = 0;
		};
/* End PBXFrameworksBuildPhase section */

/* Begin PBXGroup section */
		D322C4E928D61F5900144E6D /* Levels */ = {
			isa = PBXGroup;
			children = (
				D322C4E728D61F5600144E6D /* Level.swift */,
				D322C4F028D6222C00144E6D /* Levels.swift */,
			);
			path = Levels;
			sourceTree = "<group>";
		};
		D3370B8728D5C013004E8764 /* Monkeys */ = {
			isa = PBXGroup;
			children = (
				D322C4EC28D6219900144E6D /* Monkey.swift */,
				D3370B8828D5C033004E8764 /* Monkeys.swift */,
			);
			path = Monkeys;
			sourceTree = "<group>";
		};
		D36F0D1C28D326B100C21426 = {
			isa = PBXGroup;
			children = (
				D36F0D2728D326B100C21426 /* MonkeysWar */,
				D36F0D2628D326B100C21426 /* Products */,
			);
			sourceTree = "<group>";
		};
		D36F0D2628D326B100C21426 /* Products */ = {
			isa = PBXGroup;
			children = (
				D36F0D2528D326B100C21426 /* MonkeysWar.app */,
			);
			name = Products;
			sourceTree = "<group>";
		};
		D36F0D2728D326B100C21426 /* MonkeysWar */ = {
			isa = PBXGroup;
			children = (
				D36F0D2828D326B100C21426 /* AppDelegate.swift */,
				D3834FB028DA1C9C00248FB7 /* Gameplay */,
				D322C4E928D61F5900144E6D /* Levels */,
				D3370B8728D5C013004E8764 /* Monkeys */,
				D3834FAE28DA1C5A00248FB7 /* Nodes */,
				D3834FAF28DA1C7A00248FB7 /* Supporting files */,
			);
			path = MonkeysWar;
			sourceTree = "<group>";
		};
		D3834FAE28DA1C5A00248FB7 /* Nodes */ = {
			isa = PBXGroup;
			children = (
				D36F0D4028D3483B00C21426 /* MonkeySpriteNode.swift */,
				D3834FAC28DA1C5700248FB7 /* ProgressBarNode.swift */,
			);
			path = Nodes;
			sourceTree = "<group>";
		};
		D3834FAF28DA1C7A00248FB7 /* Supporting files */ = {
			isa = PBXGroup;
			children = (
				D36F0D2C28D326B100C21426 /* Actions.sks */,
				D36F0D3528D326B300C21426 /* Assets.xcassets */,
				D36F0D3728D326B300C21426 /* LaunchScreen.storyboard */,
				D36F0D3228D326B100C21426 /* Main.storyboard */,
			);
			path = "Supporting files";
			sourceTree = "<group>";
		};
		D3834FB028DA1C9C00248FB7 /* Gameplay */ = {
			isa = PBXGroup;
			children = (
				D3370B8A28D5D640004E8764 /* GameEngine.swift */,
				D36F0D2E28D326B100C21426 /* GameScene.swift */,
				D36F0D3028D326B100C21426 /* GameViewController.swift */,
			);
			path = Gameplay;
			sourceTree = "<group>";
		};
/* End PBXGroup section */

/* Begin PBXNativeTarget section */
		D36F0D2428D326B100C21426 /* MonkeysWar */ = {
			isa = PBXNativeTarget;
			buildConfigurationList = D36F0D3C28D326B300C21426 /* Build configuration list for PBXNativeTarget "MonkeysWar" */;
			buildPhases = (
				D36F0D2128D326B100C21426 /* Sources */,
				D36F0D2228D326B100C21426 /* Frameworks */,
				D36F0D2328D326B100C21426 /* Resources */,
			);
			buildRules = (
			);
			dependencies = (
			);
			name = MonkeysWar;
			productName = MonkeysWar;
			productReference = D36F0D2528D326B100C21426 /* MonkeysWar.app */;
			productType = "com.apple.product-type.application";
		};
/* End PBXNativeTarget section */

/* Begin PBXProject section */
		D36F0D1D28D326B100C21426 /* Project object */ = {
			isa = PBXProject;
			attributes = {
				BuildIndependentTargetsInParallel = 1;
				LastSwiftUpdateCheck = 1400;
				LastUpgradeCheck = 1400;
				TargetAttributes = {
					D36F0D2428D326B100C21426 = {
						CreatedOnToolsVersion = 14.0;
					};
				};
			};
			buildConfigurationList = D36F0D2028D326B100C21426 /* Build configuration list for PBXProject "MonkeysWar" */;
			compatibilityVersion = "Xcode 14.0";
			developmentRegion = en;
			hasScannedForEncodings = 0;
			knownRegions = (
				en,
				Base,
			);
			mainGroup = D36F0D1C28D326B100C21426;
			productRefGroup = D36F0D2628D326B100C21426 /* Products */;
			projectDirPath = "";
			projectRoot = "";
			targets = (
				D36F0D2428D326B100C21426 /* MonkeysWar */,
			);
		};
/* End PBXProject section */

/* Begin PBXResourcesBuildPhase section */
		D36F0D2328D326B100C21426 /* Resources */ = {
			isa = PBXResourcesBuildPhase;
			buildActionMask = 2147483647;
			files = (
				D36F0D3428D326B100C21426 /* Main.storyboard in Resources */,
				D36F0D3628D326B300C21426 /* Assets.xcassets in Resources */,
				D36F0D3928D326B300C21426 /* LaunchScreen.storyboard in Resources */,
				D36F0D2D28D326B100C21426 /* Actions.sks in Resources */,
			);
			runOnlyForDeploymentPostprocessing = 0;
		};
/* End PBXResourcesBuildPhase section */

/* Begin PBXSourcesBuildPhase section */
		D36F0D2128D326B100C21426 /* Sources */ = {
			isa = PBXSourcesBuildPhase;
			buildActionMask = 2147483647;
			files = (
				D322C4F128D6222C00144E6D /* Levels.swift in Sources */,
				D36F0D2F28D326B100C21426 /* GameScene.swift in Sources */,
				D322C4E828D61F5600144E6D /* Level.swift in Sources */,
				D3370B8B28D5D640004E8764 /* GameEngine.swift in Sources */,
				D3834FAD28DA1C5700248FB7 /* ProgressBarNode.swift in Sources */,
				D36F0D3128D326B100C21426 /* GameViewController.swift in Sources */,
				D322C4ED28D6219900144E6D /* Monkey.swift in Sources */,
				D36F0D4128D3483B00C21426 /* MonkeySpriteNode.swift in Sources */,
				D3370B8928D5C033004E8764 /* Monkeys.swift in Sources */,
				D36F0D2928D326B100C21426 /* AppDelegate.swift in Sources */,
			);
			runOnlyForDeploymentPostprocessing = 0;
		};
/* End PBXSourcesBuildPhase section */

/* Begin PBXVariantGroup section */
		D36F0D3228D326B100C21426 /* Main.storyboard */ = {
			isa = PBXVariantGroup;
			children = (
				D36F0D3328D326B100C21426 /* Base */,
			);
			name = Main.storyboard;
			sourceTree = "<group>";
		};
		D36F0D3728D326B300C21426 /* LaunchScreen.storyboard */ = {
			isa = PBXVariantGroup;
			children = (
				D36F0D3828D326B300C21426 /* Base */,
			);
			name = LaunchScreen.storyboard;
			sourceTree = "<group>";
		};
/* End PBXVariantGroup section */

/* Begin XCBuildConfiguration section */
		D36F0D3A28D326B300C21426 /* Debug */ = {
			isa = XCBuildConfiguration;
			buildSettings = {
				ALWAYS_SEARCH_USER_PATHS = NO;
				CLANG_ANALYZER_NONNULL = YES;
				CLANG_ANALYZER_NUMBER_OBJECT_CONVERSION = YES_AGGRESSIVE;
				CLANG_CXX_LANGUAGE_STANDARD = "gnu++20";
				CLANG_ENABLE_MODULES = YES;
				CLANG_ENABLE_OBJC_ARC = YES;
				CLANG_ENABLE_OBJC_WEAK = YES;
				CLANG_WARN_BLOCK_CAPTURE_AUTORELEASING = YES;
				CLANG_WARN_BOOL_CONVERSION = YES;
				CLANG_WARN_COMMA = YES;
				CLANG_WARN_CONSTANT_CONVERSION = YES;
				CLANG_WARN_DEPRECATED_OBJC_IMPLEMENTATIONS = YES;
				CLANG_WARN_DIRECT_OBJC_ISA_USAGE = YES_ERROR;
				CLANG_WARN_DOCUMENTATION_COMMENTS = YES;
				CLANG_WARN_EMPTY_BODY = YES;
				CLANG_WARN_ENUM_CONVERSION = YES;
				CLANG_WARN_INFINITE_RECURSION = YES;
				CLANG_WARN_INT_CONVERSION = YES;
				CLANG_WARN_NON_LITERAL_NULL_CONVERSION = YES;
				CLANG_WARN_OBJC_IMPLICIT_RETAIN_SELF = YES;
				CLANG_WARN_OBJC_LITERAL_CONVERSION = YES;
				CLANG_WARN_OBJC_ROOT_CLASS = YES_ERROR;
				CLANG_WARN_QUOTED_INCLUDE_IN_FRAMEWORK_HEADER = YES;
				CLANG_WARN_RANGE_LOOP_ANALYSIS = YES;
				CLANG_WARN_STRICT_PROTOTYPES = YES;
				CLANG_WARN_SUSPICIOUS_MOVE = YES;
				CLANG_WARN_UNGUARDED_AVAILABILITY = YES_AGGRESSIVE;
				CLANG_WARN_UNREACHABLE_CODE = YES;
				CLANG_WARN__DUPLICATE_METHOD_MATCH = YES;
				COPY_PHASE_STRIP = NO;
				DEBUG_INFORMATION_FORMAT = dwarf;
				ENABLE_STRICT_OBJC_MSGSEND = YES;
				ENABLE_TESTABILITY = YES;
				GCC_C_LANGUAGE_STANDARD = gnu11;
				GCC_DYNAMIC_NO_PIC = NO;
				GCC_NO_COMMON_BLOCKS = YES;
				GCC_OPTIMIZATION_LEVEL = 0;
				GCC_PREPROCESSOR_DEFINITIONS = (
					"DEBUG=1",
					"$(inherited)",
				);
				GCC_WARN_64_TO_32_BIT_CONVERSION = YES;
				GCC_WARN_ABOUT_RETURN_TYPE = YES_ERROR;
				GCC_WARN_UNDECLARED_SELECTOR = YES;
				GCC_WARN_UNINITIALIZED_AUTOS = YES_AGGRESSIVE;
				GCC_WARN_UNUSED_FUNCTION = YES;
				GCC_WARN_UNUSED_VARIABLE = YES;
				IPHONEOS_DEPLOYMENT_TARGET = 16.0;
				MTL_ENABLE_DEBUG_INFO = INCLUDE_SOURCE;
				MTL_FAST_MATH = YES;
				ONLY_ACTIVE_ARCH = YES;
				SDKROOT = iphoneos;
				SWIFT_ACTIVE_COMPILATION_CONDITIONS = DEBUG;
				SWIFT_OPTIMIZATION_LEVEL = "-Onone";
			};
			name = Debug;
		};
		D36F0D3B28D326B300C21426 /* Release */ = {
			isa = XCBuildConfiguration;
			buildSettings = {
				ALWAYS_SEARCH_USER_PATHS = NO;
				CLANG_ANALYZER_NONNULL = YES;
				CLANG_ANALYZER_NUMBER_OBJECT_CONVERSION = YES_AGGRESSIVE;
				CLANG_CXX_LANGUAGE_STANDARD = "gnu++20";
				CLANG_ENABLE_MODULES = YES;
				CLANG_ENABLE_OBJC_ARC = YES;
				CLANG_ENABLE_OBJC_WEAK = YES;
				CLANG_WARN_BLOCK_CAPTURE_AUTORELEASING = YES;
				CLANG_WARN_BOOL_CONVERSION = YES;
				CLANG_WARN_COMMA = YES;
				CLANG_WARN_CONSTANT_CONVERSION = YES;
				CLANG_WARN_DEPRECATED_OBJC_IMPLEMENTATIONS = YES;
				CLANG_WARN_DIRECT_OBJC_ISA_USAGE = YES_ERROR;
				CLANG_WARN_DOCUMENTATION_COMMENTS = YES;
				CLANG_WARN_EMPTY_BODY = YES;
				CLANG_WARN_ENUM_CONVERSION = YES;
				CLANG_WARN_INFINITE_RECURSION = YES;
				CLANG_WARN_INT_CONVERSION = YES;
				CLANG_WARN_NON_LITERAL_NULL_CONVERSION = YES;
				CLANG_WARN_OBJC_IMPLICIT_RETAIN_SELF = YES;
				CLANG_WARN_OBJC_LITERAL_CONVERSION = YES;
				CLANG_WARN_OBJC_ROOT_CLASS = YES_ERROR;
				CLANG_WARN_QUOTED_INCLUDE_IN_FRAMEWORK_HEADER = YES;
				CLANG_WARN_RANGE_LOOP_ANALYSIS = YES;
				CLANG_WARN_STRICT_PROTOTYPES = YES;
				CLANG_WARN_SUSPICIOUS_MOVE = YES;
				CLANG_WARN_UNGUARDED_AVAILABILITY = YES_AGGRESSIVE;
				CLANG_WARN_UNREACHABLE_CODE = YES;
				CLANG_WARN__DUPLICATE_METHOD_MATCH = YES;
				COPY_PHASE_STRIP = NO;
				DEBUG_INFORMATION_FORMAT = "dwarf-with-dsym";
				ENABLE_NS_ASSERTIONS = NO;
				ENABLE_STRICT_OBJC_MSGSEND = YES;
				GCC_C_LANGUAGE_STANDARD = gnu11;
				GCC_NO_COMMON_BLOCKS = YES;
				GCC_WARN_64_TO_32_BIT_CONVERSION = YES;
				GCC_WARN_ABOUT_RETURN_TYPE = YES_ERROR;
				GCC_WARN_UNDECLARED_SELECTOR = YES;
				GCC_WARN_UNINITIALIZED_AUTOS = YES_AGGRESSIVE;
				GCC_WARN_UNUSED_FUNCTION = YES;
				GCC_WARN_UNUSED_VARIABLE = YES;
				IPHONEOS_DEPLOYMENT_TARGET = 16.0;
				MTL_ENABLE_DEBUG_INFO = NO;
				MTL_FAST_MATH = YES;
				SDKROOT = iphoneos;
				SWIFT_COMPILATION_MODE = wholemodule;
				SWIFT_OPTIMIZATION_LEVEL = "-O";
				VALIDATE_PRODUCT = YES;
			};
			name = Release;
		};
		D36F0D3D28D326B300C21426 /* Debug */ = {
			isa = XCBuildConfiguration;
			buildSettings = {
				ASSETCATALOG_COMPILER_APPICON_NAME = AppIcon;
				ASSETCATALOG_COMPILER_GLOBAL_ACCENT_COLOR_NAME = AccentColor;
				CODE_SIGN_STYLE = Automatic;
				CURRENT_PROJECT_VERSION = 1;
				DEVELOPMENT_TEAM = V7CZ6GM767;
				GENERATE_INFOPLIST_FILE = YES;
				INFOPLIST_KEY_UIApplicationSupportsIndirectInputEvents = YES;
				INFOPLIST_KEY_UILaunchStoryboardName = LaunchScreen;
				INFOPLIST_KEY_UIMainStoryboardFile = Main;
				INFOPLIST_KEY_UIRequiresFullScreen = YES;
				INFOPLIST_KEY_UIStatusBarHidden = YES;
				INFOPLIST_KEY_UISupportedInterfaceOrientations = "UIInterfaceOrientationLandscapeLeft UIInterfaceOrientationLandscapeRight";
				LD_RUNPATH_SEARCH_PATHS = (
					"$(inherited)",
					"@executable_path/Frameworks",
				);
				MARKETING_VERSION = 1.0;
				PRODUCT_BUNDLE_IDENTIFIER = com.saltarelli.MonkeysWar;
				PRODUCT_NAME = "$(TARGET_NAME)";
				SWIFT_EMIT_LOC_STRINGS = YES;
				SWIFT_VERSION = 5.0;
				TARGETED_DEVICE_FAMILY = "1,2";
			};
			name = Debug;
		};
		D36F0D3E28D326B300C21426 /* Release */ = {
			isa = XCBuildConfiguration;
			buildSettings = {
				ASSETCATALOG_COMPILER_APPICON_NAME = AppIcon;
				ASSETCATALOG_COMPILER_GLOBAL_ACCENT_COLOR_NAME = AccentColor;
				CODE_SIGN_STYLE = Automatic;
				CURRENT_PROJECT_VERSION = 1;
				DEVELOPMENT_TEAM = V7CZ6GM767;
				GENERATE_INFOPLIST_FILE = YES;
				INFOPLIST_KEY_UIApplicationSupportsIndirectInputEvents = YES;
				INFOPLIST_KEY_UILaunchStoryboardName = LaunchScreen;
				INFOPLIST_KEY_UIMainStoryboardFile = Main;
				INFOPLIST_KEY_UIRequiresFullScreen = YES;
				INFOPLIST_KEY_UIStatusBarHidden = YES;
				INFOPLIST_KEY_UISupportedInterfaceOrientations = "UIInterfaceOrientationLandscapeLeft UIInterfaceOrientationLandscapeRight";
				LD_RUNPATH_SEARCH_PATHS = (
					"$(inherited)",
					"@executable_path/Frameworks",
				);
				MARKETING_VERSION = 1.0;
				PRODUCT_BUNDLE_IDENTIFIER = com.saltarelli.MonkeysWar;
				PRODUCT_NAME = "$(TARGET_NAME)";
				SWIFT_EMIT_LOC_STRINGS = YES;
				SWIFT_VERSION = 5.0;
				TARGETED_DEVICE_FAMILY = "1,2";
			};
			name = Release;
		};
/* End XCBuildConfiguration section */

/* Begin XCConfigurationList section */
		D36F0D2028D326B100C21426 /* Build configuration list for PBXProject "MonkeysWar" */ = {
			isa = XCConfigurationList;
			buildConfigurations = (
				D36F0D3A28D326B300C21426 /* Debug */,
				D36F0D3B28D326B300C21426 /* Release */,
			);
			defaultConfigurationIsVisible = 0;
			defaultConfigurationName = Release;
		};
		D36F0D3C28D326B300C21426 /* Build configuration list for PBXNativeTarget "MonkeysWar" */ = {
			isa = XCConfigurationList;
			buildConfigurations = (
				D36F0D3D28D326B300C21426 /* Debug */,
				D36F0D3E28D326B300C21426 /* Release */,
			);
			defaultConfigurationIsVisible = 0;
			defaultConfigurationName = Release;
		};
/* End XCConfigurationList section */
	};
	rootObject = D36F0D1D28D326B100C21426 /* Project object */;
}
